github.com/blacktop/go-dwarf v1.0.7 h1:EKm86zNKlanwpXwxGkh0kqteN+mYHM0GZWFJSn9cMuc=
github.com/blacktop/go-dwarf v1.0.7/go.mod h1:4W2FKgSFYcZLDwnR7k+apv5i3nrau4NGl9N6VQ9DSTo=
github.com/blacktop/go-macho v1.1.101 h1:ind40WI40CfvTBwfcsthr83VXj611y7TzkC9sJB5L3U=
github.com/blacktop/go-macho v1.1.101/go.mod h1:I32mDLyphSEj/Bh6SL+au8tsDsDgtL4voQSsK3eCtTw=
github.com/jessevdk/go-flags v1.4.0/go.mod h1:4FA24M0QyGHXBuZZK/XkWh8h0e1EYbRYJSGM75WSRxI=
gopkg.in/check.v1 v0.0.0-20161208181325-20d25e280405/go.mod h1:Co6ibVJAznAaIkqp8huTwlJQCZ016jof/cbN4VW5Yz0=
gopkg.in/yaml.v1 v1.0.0-20140924161607-9f9df34309c0/go.mod h1:WDnlLJ4WF5VGsH/HVa3CI79GS0ol3YnhVnKP89i0kNg=
howett.net/plist v1.0.0 h1:7CrbWYbPPO/PyNy38b2EB/+gYbjCe2DXBxgtOOZbSQM=
howett.net/plist v1.0.0/go.mod h1:lqaXoTrLY4hg8tnEzNru53gicrbv7rrk+2xJA/7hw9g=
